// !$*UTF8*$!
{
	archiveVersion = 1;
	classes = {
	};
	objectVersion = 46;
	objects = {

/* Begin PBXBuildFile section */
		A2705ED21E50DA3E00935E86 /* AppDelegate.swift in Sources */ = {isa = PBXBuildFile; fileRef = A2705ED11E50DA3E00935E86 /* AppDelegate.swift */; };
		A2705ED41E50DA3E00935E86 /* ViewController.swift in Sources */ = {isa = PBXBuildFile; fileRef = A2705ED31E50DA3E00935E86 /* ViewController.swift */; };
		A2705ED71E50DA3E00935E86 /* Main.storyboard in Resources */ = {isa = PBXBuildFile; fileRef = A2705ED51E50DA3E00935E86 /* Main.storyboard */; };
		A2705ED91E50DA3E00935E86 /* Assets.xcassets in Resources */ = {isa = PBXBuildFile; fileRef = A2705ED81E50DA3E00935E86 /* Assets.xcassets */; };
		A2705EDC1E50DA3E00935E86 /* LaunchScreen.storyboard in Resources */ = {isa = PBXBuildFile; fileRef = A2705EDA1E50DA3E00935E86 /* LaunchScreen.storyboard */; };
/* End PBXBuildFile section */

/* Begin PBXFileReference section */
		A2705ECE1E50DA3E00935E86 /* WA.app */ = {isa = PBXFileReference; explicitFileType = wrapper.application; includeInIndex = 0; path = WA.app; sourceTree = BUILT_PRODUCTS_DIR; };
		A2705ED11E50DA3E00935E86 /* AppDelegate.swift */ = {isa = PBXFileReference; lastKnownFileType = sourcecode.swift; path = AppDelegate.swift; sourceTree = "<group>"; };
		A2705ED31E50DA3E00935E86 /* ViewController.swift */ = {isa = PBXFileReference; lastKnownFileType = sourcecode.swift; path = ViewController.swift; sourceTree = "<group>"; };
		A2705ED61E50DA3E00935E86 /* Base */ = {isa = PBXFileReference; lastKnownFileType = file.storyboard; name = Base; path = Base.lproj/Main.storyboard; sourceTree = "<group>"; };
		A2705ED81E50DA3E00935E86 /* Assets.xcassets */ = {isa = PBXFileReference; lastKnownFileType = folder.assetcatalog; path = Assets.xcassets; sourceTree = "<group>"; };
		A2705EDB1E50DA3E00935E86 /* Base */ = {isa = PBXFileReference; lastKnownFileType = file.storyboard; name = Base; path = Base.lproj/LaunchScreen.storyboard; sourceTree = "<group>"; };
		A2705EDD1E50DA3E00935E86 /* Info.plist */ = {isa = PBXFileReference; lastKnownFileType = text.plist.xml; path = Info.plist; sourceTree = "<group>"; };
/* End PBXFileReference section */

/* Begin PBXFrameworksBuildPhase section */
		A2705ECB1E50DA3E00935E86 /* Frameworks */ = {
			isa = PBXFrameworksBuildPhase;
			buildActionMask = 2147483647;
			files = (
			);
			runOnlyForDeploymentPostprocessing = 0;
		};
/* End PBXFrameworksBuildPhase section */

/* Begin PBXGroup section */
		A2705EC51E50DA3D00935E86 = {
			isa = PBXGroup;
			children = (
				A2705ED01E50DA3E00935E86 /* WA */,
				A2705ECF1E50DA3E00935E86 /* Products */,
			);
			sourceTree = "<group>";
		};
		A2705ECF1E50DA3E00935E86 /* Products */ = {
			isa = PBXGroup;
			children = (
				A2705ECE1E50DA3E00935E86 /* WA.app */,
			);
			name = Products;
			sourceTree = "<group>";
		};
		A2705ED01E50DA3E00935E86 /* WA */ = {
			isa = PBXGroup;
			children = (
				A2705ED11E50DA3E00935E86 /* AppDelegate.swift */,
				A2705ED31E50DA3E00935E86 /* ViewController.swift */,
				A2705ED51E50DA3E00935E86 /* Main.storyboard */,
				A2705ED81E50DA3E00935E86 /* Assets.xcassets */,
				A2705EDA1E50DA3E00935E86 /* LaunchScreen.storyboard */,
				A2705EDD1E50DA3E00935E86 /* Info.plist */,
			);
			path = WA;
			sourceTree = "<group>";
		};
/* End PBXGroup section */

/* Begin PBXNativeTarget section */
		A2705ECD1E50DA3E00935E86 /* WA */ = {
			isa = PBXNativeTarget;
			buildConfigurationList = A2705EE01E50DA3E00935E86 /* Build configuration list for PBXNativeTarget "WA" */;
			buildPhases = (
				A2705ECA1E50DA3E00935E86 /* Sources */,
				A2705ECB1E50DA3E00935E86 /* Frameworks */,
				A2705ECC1E50DA3E00935E86 /* Resources */,
			);
			buildRules = (
			);
			dependencies = (
			);
			name = WA;
			productName = WA;
			productReference = A2705ECE1E50DA3E00935E86 /* WA.app */;
			productType = "com.apple.product-type.application";
		};
/* End PBXNativeTarget section */

/* Begin PBXProject section */
		A2705EC61E50DA3D00935E86 /* Project object */ = {
			isa = PBXProject;
			attributes = {
				LastSwiftUpdateCheck = 0820;
				LastUpgradeCheck = 0820;
				ORGANIZATIONNAME = "Sanzhar Kozhahmetov";
				TargetAttributes = {
					A2705ECD1E50DA3E00935E86 = {
						CreatedOnToolsVersion = 8.2.1;
						DevelopmentTeam = 4YULSBV58C;
						ProvisioningStyle = Automatic;
					};
				};
			};
			buildConfigurationList = A2705EC91E50DA3D00935E86 /* Build configuration list for PBXProject "WA" */;
			compatibilityVersion = "Xcode 3.2";
			developmentRegion = English;
			hasScannedForEncodings = 0;
			knownRegions = (
				en,
				Base,
			);
			mainGroup = A2705EC51E50DA3D00935E86;
			productRefGroup = A2705ECF1E50DA3E00935E86 /* Products */;
			projectDirPath = "";
			projectRoot = "";
			targets = (
				A2705ECD1E50DA3E00935E86 /* WA */,
			);
		};
/* End PBXProject section */

/* Begin PBXResourcesBuildPhase section */
		A2705ECC1E50DA3E00935E86 /* Resources */ = {
			isa = PBXResourcesBuildPhase;
			buildActionMask = 2147483647;
			files = (
				A2705EDC1E50DA3E00935E86 /* LaunchScreen.storyboard in Resources */,
				A2705ED91E50DA3E00935E86 /* Assets.xcassets in Resources */,
				A2705ED71E50DA3E00935E86 /* Main.storyboard in Resources */,
			);
			runOnlyForDeploymentPostprocessing = 0;
		};
/* End PBXResourcesBuildPhase section */

/* Begin PBXSourcesBuildPhase section */
		A2705ECA1E50DA3E00935E86 /* Sources */ = {
			isa = PBXSourcesBuildPhase;
			buildActionMask = 2147483647;
			files = (
				A2705ED41E50DA3E00935E86 /* ViewController.swift in Sources */,
				A2705ED21E50DA3E00935E86 /* AppDelegate.swift in Sources */,
			);
			runOnlyForDeploymentPostprocessing = 0;
		};
/* End PBXSourcesBuildPhase section */

/* Begin PBXVariantGroup section */
		A2705ED51E50DA3E00935E86 /* Main.storyboard */ = {
			isa = PBXVariantGroup;
			children = (
				A2705ED61E50DA3E00935E86 /* Base */,
			);
			name = Main.storyboard;
			sourceTree = "<group>";
		};
		A2705EDA1E50DA3E00935E86 /* LaunchScreen.storyboard */ = {
			isa = PBXVariantGroup;
			children = (
				A2705EDB1E50DA3E00935E86 /* Base */,
			);
			name = LaunchScreen.storyboard;
			sourceTree = "<group>";
		};
/* End PBXVariantGroup section */

/* Begin XCBuildConfiguration section */
		A2705EDE1E50DA3E00935E86 /* Debug */ = {
			isa = XCBuildConfiguration;
			buildSettings = {
				ALWAYS_SEARCH_USER_PATHS = NO;
				CLANG_ANALYZER_NONNULL = YES;
				CLANG_CXX_LANGUAGE_STANDARD = "gnu++0x";
				CLANG_CXX_LIBRARY = "libc++";
				CLANG_ENABLE_MODULES = YES;
				CLANG_ENABLE_OBJC_ARC = YES;
				CLANG_WARN_BOOL_CONVERSION = YES;
				CLANG_WARN_CONSTANT_CONVERSION = YES;
				CLANG_WARN_DIRECT_OBJC_ISA_USAGE = YES_ERROR;
				CLANG_WARN_DOCUMENTATION_COMMENTS = YES;
				CLANG_WARN_EMPTY_BODY = YES;
				CLANG_WARN_ENUM_CONVERSION = YES;
				CLANG_WARN_INFINITE_RECURSION = YES;
				CLANG_WARN_INT_CONVERSION = YES;
				CLANG_WARN_OBJC_ROOT_CLASS = YES_ERROR;
				CLANG_WARN_SUSPICIOUS_MOVE = YES;
				CLANG_WARN_UNREACHABLE_CODE = YES;
				CLANG_WARN__DUPLICATE_METHOD_MATCH = YES;
				"CODE_SIGN_IDENTITY[sdk=iphoneos*]" = "iPhone Developer";
				COPY_PHASE_STRIP = NO;
				DEBUG_INFORMATION_FORMAT = dwarf;
				ENABLE_STRICT_OBJC_MSGSEND = YES;
				ENABLE_TESTABILITY = YES;
				GCC_C_LANGUAGE_STANDARD = gnu99;
				GCC_DYNAMIC_NO_PIC = NO;
				GCC_NO_COMMON_BLOCKS = YES;
				GCC_OPTIMIZATION_LEVEL = 0;
				GCC_PREPROCESSOR_DEFINITIONS = (
					"DEBUG=1",
					"$(inherited)",
				);
				GCC_WARN_64_TO_32_BIT_CONVERSION = YES;
				GCC_WARN_ABOUT_RETURN_TYPE = YES_ERROR;
				GCC_WARN_UNDECLARED_SELECTOR = YES;
				GCC_WARN_UNINITIALIZED_AUTOS = YES_AGGRESSIVE;
				GCC_WARN_UNUSED_FUNCTION = YES;
				GCC_WARN_UNUSED_VARIABLE = YES;
				IPHONEOS_DEPLOYMENT_TARGET = 10.2;
				MTL_ENABLE_DEBUG_INFO = YES;
				ONLY_ACTIVE_ARCH = YES;
				SDKROOT = iphoneos;
				SWIFT_ACTIVE_COMPILATION_CONDITIONS = DEBUG;
				SWIFT_OPTIMIZATION_LEVEL = "-Onone";
				TARGETED_DEVICE_FAMILY = "1,2";
			};
			name = Debug;
		};
		A2705EDF1E50DA3E00935E86 /* Release */ = {
			isa = XCBuildConfiguration;
			buildSettings = {
				ALWAYS_SEARCH_USER_PATHS = NO;
				CLANG_ANALYZER_NONNULL = YES;
				CLANG_CXX_LANGUAGE_STANDARD = "gnu++0x";
				CLANG_CXX_LIBRARY = "libc++";
				CLANG_ENABLE_MODULES = YES;
				CLANG_ENABLE_OBJC_ARC = YES;
				CLANG_WARN_BOOL_CONVERSION = YES;
				CLANG_WARN_CONSTANT_CONVERSION = YES;
				CLANG_WARN_DIRECT_OBJC_ISA_USAGE = YES_ERROR;
				CLANG_WARN_DOCUMENTATION_COMMENTS = YES;
				CLANG_WARN_EMPTY_BODY = YES;
				CLANG_WARN_ENUM_CONVERSION = YES;
				CLANG_WARN_INFINITE_RECURSION = YES;
				CLANG_WARN_INT_CONVERSION = YES;
				CLANG_WARN_OBJC_ROOT_CLASS = YES_ERROR;
				CLANG_WARN_SUSPICIOUS_MOVE = YES;
				CLANG_WARN_UNREACHABLE_CODE = YES;
				CLANG_WARN__DUPLICATE_METHOD_MATCH = YES;
				"CODE_SIGN_IDENTITY[sdk=iphoneos*]" = "iPhone Developer";
				COPY_PHASE_STRIP = NO;
				DEBUG_INFORMATION_FORMAT = "dwarf-with-dsym";
				ENABLE_NS_ASSERTIONS = NO;
				ENABLE_STRICT_OBJC_MSGSEND = YES;
				GCC_C_LANGUAGE_STANDARD = gnu99;
				GCC_NO_COMMON_BLOCKS = YES;
				GCC_WARN_64_TO_32_BIT_CONVERSION = YES;
				GCC_WARN_ABOUT_RETURN_TYPE = YES_ERROR;
				GCC_WARN_UNDECLARED_SELECTOR = YES;
				GCC_WARN_UNINITIALIZED_AUTOS = YES_AGGRESSIVE;
				GCC_WARN_UNUSED_FUNCTION = YES;
				GCC_WARN_UNUSED_VARIABLE = YES;
				IPHONEOS_DEPLOYMENT_TARGET = 10.2;
				MTL_ENABLE_DEBUG_INFO = NO;
				SDKROOT = iphoneos;
				SWIFT_OPTIMIZATION_LEVEL = "-Owholemodule";
				TARGETED_DEVICE_FAMILY = "1,2";
				VALIDATE_PRODUCT = YES;
			};
			name = Release;
		};
		A2705EE11E50DA3E00935E86 /* Debug */ = {
			isa = XCBuildConfiguration;
			buildSettings = {
				ASSETCATALOG_COMPILER_APPICON_NAME = AppIcon;
				DEVELOPMENT_TEAM = 4YULSBV58C;
				INFOPLIST_FILE = WA/Info.plist;
				LD_RUNPATH_SEARCH_PATHS = "$(inherited) @executable_path/Frameworks";
				PRODUCT_BUNDLE_IDENTIFIER = kz.meir.WA;
				PRODUCT_NAME = "$(TARGET_NAME)";
				SWIFT_VERSION = 3.0;
			};
			name = Debug;
		};
		A2705EE21E50DA3E00935E86 /* Release */ = {
			isa = XCBuildConfiguration;
			buildSettings = {
				ASSETCATALOG_COMPILER_APPICON_NAME = AppIcon;
				DEVELOPMENT_TEAM = 4YULSBV58C;
				INFOPLIST_FILE = WA/Info.plist;
				LD_RUNPATH_SEARCH_PATHS = "$(inherited) @executable_path/Frameworks";
				PRODUCT_BUNDLE_IDENTIFIER = kz.meir.WA;
				PRODUCT_NAME = "$(TARGET_NAME)";
				SWIFT_VERSION = 3.0;
			};
			name = Release;
		};
/* End XCBuildConfiguration section */

/* Begin XCConfigurationList section */
		A2705EC91E50DA3D00935E86 /* Build configuration list for PBXProject "WA" */ = {
			isa = XCConfigurationList;
			buildConfigurations = (
				A2705EDE1E50DA3E00935E86 /* Debug */,
				A2705EDF1E50DA3E00935E86 /* Release */,
			);
			defaultConfigurationIsVisible = 0;
			defaultConfigurationName = Release;
		};
		A2705EE01E50DA3E00935E86 /* Build configuration list for PBXNativeTarget "WA" */ = {
			isa = XCConfigurationList;
			buildConfigurations = (
				A2705EE11E50DA3E00935E86 /* Debug */,
				A2705EE21E50DA3E00935E86 /* Release */,
			);
			defaultConfigurationIsVisible = 0;
		};
/* End XCConfigurationList section */
	};
	rootObject = A2705EC61E50DA3D00935E86 /* Project object */;
}
